// !$*UTF8*$!
{
	archiveVersion = 1;
	classes = {
	};
	objectVersion = 46;
	objects = {

/* Begin PBXBuildFile section */
		0327CD1B1BD93FF100B71B69 /* Images.xcassets in Resources */ = {isa = PBXBuildFile; fileRef = 0327CD021BD93FF100B71B69 /* Images.xcassets */; };
		0327CD1C1BD93FF100B71B69 /* XBTabBarController.m in Sources */ = {isa = PBXBuildFile; fileRef = 0327CD061BD93FF100B71B69 /* XBTabBarController.m */; };
		0327CD1D1BD93FF100B71B69 /* XBTabBar.m in Sources */ = {isa = PBXBuildFile; fileRef = 0327CD0A1BD93FF100B71B69 /* XBTabBar.m */; };
		0327CD1E1BD93FF100B71B69 /* AppDelegate.m in Sources */ = {isa = PBXBuildFile; fileRef = 0327CD111BD93FF100B71B69 /* AppDelegate.m */; };
		0327CD1F1BD93FF100B71B69 /* UIImage+Image.m in Sources */ = {isa = PBXBuildFile; fileRef = 0327CD141BD93FF100B71B69 /* UIImage+Image.m */; };
		0327CD201BD93FF100B71B69 /* Info.plist in Resources */ = {isa = PBXBuildFile; fileRef = 0327CD151BD93FF100B71B69 /* Info.plist */; };
		0327CD211BD93FF100B71B69 /* main.m in Sources */ = {isa = PBXBuildFile; fileRef = 0327CD161BD93FF100B71B69 /* main.m */; };
		0327CD251BD93FFA00B71B69 /* Main.storyboard in Resources */ = {isa = PBXBuildFile; fileRef = 0327CD231BD93FF900B71B69 /* Main.storyboard */; };
		03A92B251BD75DDD00ECACE2 /* xinlangTests.m in Sources */ = {isa = PBXBuildFile; fileRef = 03A92B241BD75DDD00ECACE2 /* xinlangTests.m */; };
/* End PBXBuildFile section */

/* Begin PBXContainerItemProxy section */
		03A92B1F1BD75DDD00ECACE2 /* PBXContainerItemProxy */ = {
			isa = PBXContainerItemProxy;
			containerPortal = 03A92AFD1BD75DDD00ECACE2 /* Project object */;
			proxyType = 1;
			remoteGlobalIDString = 03A92B041BD75DDD00ECACE2;
			remoteInfo = xinlang;
		};
/* End PBXContainerItemProxy section */

/* Begin PBXFileReference section */
		0327CD021BD93FF100B71B69 /* Images.xcassets */ = {isa = PBXFileReference; lastKnownFileType = folder.assetcatalog; name = Images.xcassets; path = Classes/Images.xcassets; sourceTree = "<group>"; };
		0327CD051BD93FF100B71B69 /* XBTabBarController.h */ = {isa = PBXFileReference; fileEncoding = 4; lastKnownFileType = sourcecode.c.h; path = XBTabBarController.h; sourceTree = "<group>"; };
		0327CD061BD93FF100B71B69 /* XBTabBarController.m */ = {isa = PBXFileReference; fileEncoding = 4; lastKnownFileType = sourcecode.c.objc; path = XBTabBarController.m; sourceTree = "<group>"; };
		0327CD091BD93FF100B71B69 /* XBTabBar.h */ = {isa = PBXFileReference; fileEncoding = 4; lastKnownFileType = sourcecode.c.h; path = XBTabBar.h; sourceTree = "<group>"; };
		0327CD0A1BD93FF100B71B69 /* XBTabBar.m */ = {isa = PBXFileReference; fileEncoding = 4; lastKnownFileType = sourcecode.c.objc; path = XBTabBar.m; sourceTree = "<group>"; };
		0327CD101BD93FF100B71B69 /* AppDelegate.h */ = {isa = PBXFileReference; fileEncoding = 4; lastKnownFileType = sourcecode.c.h; path = AppDelegate.h; sourceTree = "<group>"; };
		0327CD111BD93FF100B71B69 /* AppDelegate.m */ = {isa = PBXFileReference; fileEncoding = 4; lastKnownFileType = sourcecode.c.objc; path = AppDelegate.m; sourceTree = "<group>"; };
		0327CD131BD93FF100B71B69 /* UIImage+Image.h */ = {isa = PBXFileReference; fileEncoding = 4; lastKnownFileType = sourcecode.c.h; path = "UIImage+Image.h"; sourceTree = "<group>"; };
		0327CD141BD93FF100B71B69 /* UIImage+Image.m */ = {isa = PBXFileReference; fileEncoding = 4; lastKnownFileType = sourcecode.c.objc; path = "UIImage+Image.m"; sourceTree = "<group>"; };
		0327CD151BD93FF100B71B69 /* Info.plist */ = {isa = PBXFileReference; fileEncoding = 4; lastKnownFileType = text.plist.xml; path = Info.plist; sourceTree = "<group>"; };
		0327CD161BD93FF100B71B69 /* main.m */ = {isa = PBXFileReference; fileEncoding = 4; lastKnownFileType = sourcecode.c.objc; path = main.m; sourceTree = "<group>"; };
		0327CD241BD93FF900B71B69 /* Base */ = {isa = PBXFileReference; lastKnownFileType = file.storyboard; name = Base; path = Main.storyboard; sourceTree = "<group>"; };
		03A92B051BD75DDD00ECACE2 /* xinlang.app */ = {isa = PBXFileReference; explicitFileType = wrapper.application; includeInIndex = 0; path = xinlang.app; sourceTree = BUILT_PRODUCTS_DIR; };
		03A92B1E1BD75DDD00ECACE2 /* xinlangTests.xctest */ = {isa = PBXFileReference; explicitFileType = wrapper.cfbundle; includeInIndex = 0; path = xinlangTests.xctest; sourceTree = BUILT_PRODUCTS_DIR; };
		03A92B231BD75DDD00ECACE2 /* Info.plist */ = {isa = PBXFileReference; lastKnownFileType = text.plist.xml; path = Info.plist; sourceTree = "<group>"; };
		03A92B241BD75DDD00ECACE2 /* xinlangTests.m */ = {isa = PBXFileReference; lastKnownFileType = sourcecode.c.objc; path = xinlangTests.m; sourceTree = "<group>"; };
/* End PBXFileReference section */

/* Begin PBXFrameworksBuildPhase section */
		03A92B021BD75DDD00ECACE2 /* Frameworks */ = {
			isa = PBXFrameworksBuildPhase;
			buildActionMask = 2147483647;
			files = (
			);
			runOnlyForDeploymentPostprocessing = 0;
		};
		03A92B1B1BD75DDD00ECACE2 /* Frameworks */ = {
			isa = PBXFrameworksBuildPhase;
			buildActionMask = 2147483647;
			files = (
			);
			runOnlyForDeploymentPostprocessing = 0;
		};
/* End PBXFrameworksBuildPhase section */

/* Begin PBXGroup section */
		0327CCF91BD93FF100B71B69 /* Classes */ = {
			isa = PBXGroup;
			children = (
				0327CCFA1BD93FF100B71B69 /* Discover */,
				0327CCFE1BD93FF100B71B69 /* Home */,
				0327CD031BD93FF100B71B69 /* Main */,
				0327CD0B1BD93FF100B71B69 /* Message */,
				0327CD0F1BD93FF100B71B69 /* Other */,
				0327CD171BD93FF100B71B69 /* Profile */,
			);
			path = Classes;
			sourceTree = "<group>";
		};
		0327CCFA1BD93FF100B71B69 /* Discover */ = {
			isa = PBXGroup;
			children = (
				0327CCFB1BD93FF100B71B69 /* Controller */,
				0327CCFC1BD93FF100B71B69 /* Model */,
				0327CCFD1BD93FF100B71B69 /* View */,
			);
			path = Discover;
			sourceTree = "<group>";
		};
		0327CCFB1BD93FF100B71B69 /* Controller */ = {
			isa = PBXGroup;
			children = (
			);
			path = Controller;
			sourceTree = "<group>";
		};
		0327CCFC1BD93FF100B71B69 /* Model */ = {
			isa = PBXGroup;
			children = (
			);
			path = Model;
			sourceTree = "<group>";
		};
		0327CCFD1BD93FF100B71B69 /* View */ = {
			isa = PBXGroup;
			children = (
			);
			path = View;
			sourceTree = "<group>";
		};
		0327CCFE1BD93FF100B71B69 /* Home */ = {
			isa = PBXGroup;
			children = (
				0327CCFF1BD93FF100B71B69 /* Controller */,
				0327CD001BD93FF100B71B69 /* Model */,
				0327CD011BD93FF100B71B69 /* View */,
			);
			path = Home;
			sourceTree = "<group>";
		};
		0327CCFF1BD93FF100B71B69 /* Controller */ = {
			isa = PBXGroup;
			children = (
			);
			path = Controller;
			sourceTree = "<group>";
		};
		0327CD001BD93FF100B71B69 /* Model */ = {
			isa = PBXGroup;
			children = (
			);
			path = Model;
			sourceTree = "<group>";
		};
		0327CD011BD93FF100B71B69 /* View */ = {
			isa = PBXGroup;
			children = (
			);
			path = View;
			sourceTree = "<group>";
		};
		0327CD031BD93FF100B71B69 /* Main */ = {
			isa = PBXGroup;
			children = (
				0327CD041BD93FF100B71B69 /* Controller */,
				0327CD071BD93FF100B71B69 /* Model */,
				0327CD081BD93FF100B71B69 /* View */,
			);
			path = Main;
			sourceTree = "<group>";
		};
		0327CD041BD93FF100B71B69 /* Controller */ = {
			isa = PBXGroup;
			children = (
				0327CD051BD93FF100B71B69 /* XBTabBarController.h */,
				0327CD061BD93FF100B71B69 /* XBTabBarController.m */,
			);
			path = Controller;
			sourceTree = "<group>";
		};
		0327CD071BD93FF100B71B69 /* Model */ = {
			isa = PBXGroup;
			children = (
			);
			path = Model;
			sourceTree = "<group>";
		};
		0327CD081BD93FF100B71B69 /* View */ = {
			isa = PBXGroup;
			children = (
				0327CD091BD93FF100B71B69 /* XBTabBar.h */,
				0327CD0A1BD93FF100B71B69 /* XBTabBar.m */,
			);
			path = View;
			sourceTree = "<group>";
		};
		0327CD0B1BD93FF100B71B69 /* Message */ = {
			isa = PBXGroup;
			children = (
				0327CD0C1BD93FF100B71B69 /* Controller */,
				0327CD0D1BD93FF100B71B69 /* Model */,
				0327CD0E1BD93FF100B71B69 /* View */,
			);
			path = Message;
			sourceTree = "<group>";
		};
		0327CD0C1BD93FF100B71B69 /* Controller */ = {
			isa = PBXGroup;
			children = (
			);
			path = Controller;
			sourceTree = "<group>";
		};
		0327CD0D1BD93FF100B71B69 /* Model */ = {
			isa = PBXGroup;
			children = (
			);
			path = Model;
			sourceTree = "<group>";
		};
		0327CD0E1BD93FF100B71B69 /* View */ = {
			isa = PBXGroup;
			children = (
			);
			path = View;
			sourceTree = "<group>";
		};
		0327CD0F1BD93FF100B71B69 /* Other */ = {
			isa = PBXGroup;
			children = (
				0327CD101BD93FF100B71B69 /* AppDelegate.h */,
				0327CD111BD93FF100B71B69 /* AppDelegate.m */,
				0327CD121BD93FF100B71B69 /* Category */,
				0327CD151BD93FF100B71B69 /* Info.plist */,
				0327CD161BD93FF100B71B69 /* main.m */,
			);
			path = Other;
			sourceTree = "<group>";
		};
		0327CD121BD93FF100B71B69 /* Category */ = {
			isa = PBXGroup;
			children = (
				0327CD131BD93FF100B71B69 /* UIImage+Image.h */,
				0327CD141BD93FF100B71B69 /* UIImage+Image.m */,
			);
			path = Category;
			sourceTree = "<group>";
		};
		0327CD171BD93FF100B71B69 /* Profile */ = {
			isa = PBXGroup;
			children = (
				0327CD181BD93FF100B71B69 /* Controller */,
				0327CD191BD93FF100B71B69 /* Model */,
				0327CD1A1BD93FF100B71B69 /* View */,
			);
			path = Profile;
			sourceTree = "<group>";
		};
		0327CD181BD93FF100B71B69 /* Controller */ = {
			isa = PBXGroup;
			children = (
			);
			path = Controller;
			sourceTree = "<group>";
		};
		0327CD191BD93FF100B71B69 /* Model */ = {
			isa = PBXGroup;
			children = (
			);
			path = Model;
			sourceTree = "<group>";
		};
		0327CD1A1BD93FF100B71B69 /* View */ = {
			isa = PBXGroup;
			children = (
			);
			path = View;
			sourceTree = "<group>";
		};
		0327CD221BD93FF900B71B69 /* Base.lproj */ = {
			isa = PBXGroup;
			children = (
				0327CD231BD93FF900B71B69 /* Main.storyboard */,
			);
			path = Base.lproj;
			sourceTree = "<group>";
		};
		03A92AFC1BD75DDD00ECACE2 = {
			isa = PBXGroup;
			children = (
				0327CD221BD93FF900B71B69 /* Base.lproj */,
				0327CCF91BD93FF100B71B69 /* Classes */,
				0327CD021BD93FF100B71B69 /* Images.xcassets */,
				03A92B211BD75DDD00ECACE2 /* xinlangTests */,
				03A92B061BD75DDD00ECACE2 /* Products */,
			);
			sourceTree = "<group>";
		};
		03A92B061BD75DDD00ECACE2 /* Products */ = {
			isa = PBXGroup;
			children = (
				03A92B051BD75DDD00ECACE2 /* xinlang.app */,
				03A92B1E1BD75DDD00ECACE2 /* xinlangTests.xctest */,
			);
			name = Products;
			sourceTree = "<group>";
		};
		03A92B211BD75DDD00ECACE2 /* xinlangTests */ = {
			isa = PBXGroup;
			children = (
				03A92B241BD75DDD00ECACE2 /* xinlangTests.m */,
				03A92B221BD75DDD00ECACE2 /* Supporting Files */,
			);
			path = xinlangTests;
			sourceTree = "<group>";
		};
		03A92B221BD75DDD00ECACE2 /* Supporting Files */ = {
			isa = PBXGroup;
			children = (
				03A92B231BD75DDD00ECACE2 /* Info.plist */,
			);
			name = "Supporting Files";
			sourceTree = "<group>";
		};
/* End PBXGroup section */

/* Begin PBXNativeTarget section */
		03A92B041BD75DDD00ECACE2 /* xinlang */ = {
			isa = PBXNativeTarget;
			buildConfigurationList = 03A92B281BD75DDD00ECACE2 /* Build configuration list for PBXNativeTarget "xinlang" */;
			buildPhases = (
				03A92B011BD75DDD00ECACE2 /* Sources */,
				03A92B021BD75DDD00ECACE2 /* Frameworks */,
				03A92B031BD75DDD00ECACE2 /* Resources */,
			);
			buildRules = (
			);
			dependencies = (
			);
			name = xinlang;
			productName = xinlang;
			productReference = 03A92B051BD75DDD00ECACE2 /* xinlang.app */;
			productType = "com.apple.product-type.application";
		};
		03A92B1D1BD75DDD00ECACE2 /* xinlangTests */ = {
			isa = PBXNativeTarget;
			buildConfigurationList = 03A92B2B1BD75DDD00ECACE2 /* Build configuration list for PBXNativeTarget "xinlangTests" */;
			buildPhases = (
				03A92B1A1BD75DDD00ECACE2 /* Sources */,
				03A92B1B1BD75DDD00ECACE2 /* Frameworks */,
				03A92B1C1BD75DDD00ECACE2 /* Resources */,
			);
			buildRules = (
			);
			dependencies = (
				03A92B201BD75DDD00ECACE2 /* PBXTargetDependency */,
			);
			name = xinlangTests;
			productName = xinlangTests;
			productReference = 03A92B1E1BD75DDD00ECACE2 /* xinlangTests.xctest */;
			productType = "com.apple.product-type.bundle.unit-test";
		};
/* End PBXNativeTarget section */

/* Begin PBXProject section */
		03A92AFD1BD75DDD00ECACE2 /* Project object */ = {
			isa = PBXProject;
			attributes = {
				LastUpgradeCheck = 0640;
				ORGANIZATIONNAME = "小白";
				TargetAttributes = {
					03A92B041BD75DDD00ECACE2 = {
						CreatedOnToolsVersion = 6.4;
					};
					03A92B1D1BD75DDD00ECACE2 = {
						CreatedOnToolsVersion = 6.4;
						TestTargetID = 03A92B041BD75DDD00ECACE2;
					};
				};
			};
			buildConfigurationList = 03A92B001BD75DDD00ECACE2 /* Build configuration list for PBXProject "xinlang" */;
			compatibilityVersion = "Xcode 3.2";
			developmentRegion = English;
			hasScannedForEncodings = 0;
			knownRegions = (
				en,
				Base,
			);
			mainGroup = 03A92AFC1BD75DDD00ECACE2;
			productRefGroup = 03A92B061BD75DDD00ECACE2 /* Products */;
			projectDirPath = "";
			projectRoot = "";
			targets = (
				03A92B041BD75DDD00ECACE2 /* xinlang */,
				03A92B1D1BD75DDD00ECACE2 /* xinlangTests */,
			);
		};
/* End PBXProject section */

/* Begin PBXResourcesBuildPhase section */
		03A92B031BD75DDD00ECACE2 /* Resources */ = {
			isa = PBXResourcesBuildPhase;
			buildActionMask = 2147483647;
			files = (
				0327CD251BD93FFA00B71B69 /* Main.storyboard in Resources */,
				0327CD201BD93FF100B71B69 /* Info.plist in Resources */,
				0327CD1B1BD93FF100B71B69 /* Images.xcassets in Resources */,
			);
			runOnlyForDeploymentPostprocessing = 0;
		};
		03A92B1C1BD75DDD00ECACE2 /* Resources */ = {
			isa = PBXResourcesBuildPhase;
			buildActionMask = 2147483647;
			files = (
			);
			runOnlyForDeploymentPostprocessing = 0;
		};
/* End PBXResourcesBuildPhase section */

/* Begin PBXSourcesBuildPhase section */
		03A92B011BD75DDD00ECACE2 /* Sources */ = {
			isa = PBXSourcesBuildPhase;
			buildActionMask = 2147483647;
			files = (
				0327CD211BD93FF100B71B69 /* main.m in Sources */,
				0327CD1C1BD93FF100B71B69 /* XBTabBarController.m in Sources */,
				0327CD1F1BD93FF100B71B69 /* UIImage+Image.m in Sources */,
				0327CD1D1BD93FF100B71B69 /* XBTabBar.m in Sources */,
				0327CD1E1BD93FF100B71B69 /* AppDelegate.m in Sources */,
			);
			runOnlyForDeploymentPostprocessing = 0;
		};
		03A92B1A1BD75DDD00ECACE2 /* Sources */ = {
			isa = PBXSourcesBuildPhase;
			buildActionMask = 2147483647;
			files = (
				03A92B251BD75DDD00ECACE2 /* xinlangTests.m in Sources */,
			);
			runOnlyForDeploymentPostprocessing = 0;
		};
/* End PBXSourcesBuildPhase section */

/* Begin PBXTargetDependency section */
		03A92B201BD75DDD00ECACE2 /* PBXTargetDependency */ = {
			isa = PBXTargetDependency;
			target = 03A92B041BD75DDD00ECACE2 /* xinlang */;
			targetProxy = 03A92B1F1BD75DDD00ECACE2 /* PBXContainerItemProxy */;
		};
/* End PBXTargetDependency section */

/* Begin PBXVariantGroup section */
		0327CD231BD93FF900B71B69 /* Main.storyboard */ = {
			isa = PBXVariantGroup;
			children = (
				0327CD241BD93FF900B71B69 /* Base */,
			);
			name = Main.storyboard;
			sourceTree = "<group>";
		};
/* End PBXVariantGroup section */

/* Begin XCBuildConfiguration section */
		03A92B261BD75DDD00ECACE2 /* Debug */ = {
			isa = XCBuildConfiguration;
			buildSettings = {
				ALWAYS_SEARCH_USER_PATHS = NO;
				CLANG_CXX_LANGUAGE_STANDARD = "gnu++0x";
				CLANG_CXX_LIBRARY = "libc++";
				CLANG_ENABLE_MODULES = YES;
				CLANG_ENABLE_OBJC_ARC = YES;
				CLANG_WARN_BOOL_CONVERSION = YES;
				CLANG_WARN_CONSTANT_CONVERSION = YES;
				CLANG_WARN_DIRECT_OBJC_ISA_USAGE = YES_ERROR;
				CLANG_WARN_EMPTY_BODY = YES;
				CLANG_WARN_ENUM_CONVERSION = YES;
				CLANG_WARN_INT_CONVERSION = YES;
				CLANG_WARN_OBJC_ROOT_CLASS = YES_ERROR;
				CLANG_WARN_UNREACHABLE_CODE = YES;
				CLANG_WARN__DUPLICATE_METHOD_MATCH = YES;
				"CODE_SIGN_IDENTITY[sdk=iphoneos*]" = "iPhone Developer";
				COPY_PHASE_STRIP = NO;
				DEBUG_INFORMATION_FORMAT = "dwarf-with-dsym";
				ENABLE_STRICT_OBJC_MSGSEND = YES;
				GCC_C_LANGUAGE_STANDARD = gnu99;
				GCC_DYNAMIC_NO_PIC = NO;
				GCC_NO_COMMON_BLOCKS = YES;
				GCC_OPTIMIZATION_LEVEL = 0;
				GCC_PREPROCESSOR_DEFINITIONS = (
					"DEBUG=1",
					"$(inherited)",
				);
				GCC_SYMBOLS_PRIVATE_EXTERN = NO;
				GCC_WARN_64_TO_32_BIT_CONVERSION = YES;
				GCC_WARN_ABOUT_RETURN_TYPE = YES_ERROR;
				GCC_WARN_UNDECLARED_SELECTOR = YES;
				GCC_WARN_UNINITIALIZED_AUTOS = YES_AGGRESSIVE;
				GCC_WARN_UNUSED_FUNCTION = YES;
				GCC_WARN_UNUSED_VARIABLE = YES;
				IPHONEOS_DEPLOYMENT_TARGET = 8.4;
				MTL_ENABLE_DEBUG_INFO = YES;
				ONLY_ACTIVE_ARCH = YES;
				SDKROOT = iphoneos;
			};
			name = Debug;
		};
		03A92B271BD75DDD00ECACE2 /* Release */ = {
			isa = XCBuildConfiguration;
			buildSettings = {
				ALWAYS_SEARCH_USER_PATHS = NO;
				CLANG_CXX_LANGUAGE_STANDARD = "gnu++0x";
				CLANG_CXX_LIBRARY = "libc++";
				CLANG_ENABLE_MODULES = YES;
				CLANG_ENABLE_OBJC_ARC = YES;
				CLANG_WARN_BOOL_CONVERSION = YES;
				CLANG_WARN_CONSTANT_CONVERSION = YES;
				CLANG_WARN_DIRECT_OBJC_ISA_USAGE = YES_ERROR;
				CLANG_WARN_EMPTY_BODY = YES;
				CLANG_WARN_ENUM_CONVERSION = YES;
				CLANG_WARN_INT_CONVERSION = YES;
				CLANG_WARN_OBJC_ROOT_CLASS = YES_ERROR;
				CLANG_WARN_UNREACHABLE_CODE = YES;
				CLANG_WARN__DUPLICATE_METHOD_MATCH = YES;
				"CODE_SIGN_IDENTITY[sdk=iphoneos*]" = "iPhone Developer";
				COPY_PHASE_STRIP = NO;
				DEBUG_INFORMATION_FORMAT = "dwarf-with-dsym";
				ENABLE_NS_ASSERTIONS = NO;
				ENABLE_STRICT_OBJC_MSGSEND = YES;
				GCC_C_LANGUAGE_STANDARD = gnu99;
				GCC_NO_COMMON_BLOCKS = YES;
				GCC_WARN_64_TO_32_BIT_CONVERSION = YES;
				GCC_WARN_ABOUT_RETURN_TYPE = YES_ERROR;
				GCC_WARN_UNDECLARED_SELECTOR = YES;
				GCC_WARN_UNINITIALIZED_AUTOS = YES_AGGRESSIVE;
				GCC_WARN_UNUSED_FUNCTION = YES;
				GCC_WARN_UNUSED_VARIABLE = YES;
				IPHONEOS_DEPLOYMENT_TARGET = 8.4;
				MTL_ENABLE_DEBUG_INFO = NO;
				SDKROOT = iphoneos;
				VALIDATE_PRODUCT = YES;
			};
			name = Release;
		};
		03A92B291BD75DDD00ECACE2 /* Debug */ = {
			isa = XCBuildConfiguration;
			buildSettings = {
				ASSETCATALOG_COMPILER_APPICON_NAME = AppIcon;
				ASSETCATALOG_COMPILER_LAUNCHIMAGE_NAME = LaunchImage;
				INFOPLIST_FILE = "$(SRCROOT)/Classes/Other/Info.plist";
				LD_RUNPATH_SEARCH_PATHS = "$(inherited) @executable_path/Frameworks";
				PRODUCT_NAME = "$(TARGET_NAME)";
			};
			name = Debug;
		};
		03A92B2A1BD75DDD00ECACE2 /* Release */ = {
			isa = XCBuildConfiguration;
			buildSettings = {
				ASSETCATALOG_COMPILER_APPICON_NAME = AppIcon;
				ASSETCATALOG_COMPILER_LAUNCHIMAGE_NAME = LaunchImage;
				INFOPLIST_FILE = "$(SRCROOT)/Classes/Other/Info.plist";
				LD_RUNPATH_SEARCH_PATHS = "$(inherited) @executable_path/Frameworks";
				PRODUCT_NAME = "$(TARGET_NAME)";
			};
			name = Release;
		};
		03A92B2C1BD75DDD00ECACE2 /* Debug */ = {
			isa = XCBuildConfiguration;
			buildSettings = {
				BUNDLE_LOADER = "$(TEST_HOST)";
				FRAMEWORK_SEARCH_PATHS = (
					"$(SDKROOT)/Developer/Library/Frameworks",
					"$(inherited)",
				);
				GCC_PREPROCESSOR_DEFINITIONS = (
					"DEBUG=1",
					"$(inherited)",
				);
				INFOPLIST_FILE = xinlangTests/Info.plist;
				LD_RUNPATH_SEARCH_PATHS = "$(inherited) @executable_path/Frameworks @loader_path/Frameworks";
				PRODUCT_NAME = "$(TARGET_NAME)";
				TEST_HOST = "$(BUILT_PRODUCTS_DIR)/xinlang.app/xinlang";
			};
			name = Debug;
		};
		03A92B2D1BD75DDD00ECACE2 /* Release */ = {
			isa = XCBuildConfiguration;
			buildSettings = {
				BUNDLE_LOADER = "$(TEST_HOST)";
				FRAMEWORK_SEARCH_PATHS = (
					"$(SDKROOT)/Developer/Library/Frameworks",
					"$(inherited)",
				);
				INFOPLIST_FILE = xinlangTests/Info.plist;
				LD_RUNPATH_SEARCH_PATHS = "$(inherited) @executable_path/Frameworks @loader_path/Frameworks";
				PRODUCT_NAME = "$(TARGET_NAME)";
				TEST_HOST = "$(BUILT_PRODUCTS_DIR)/xinlang.app/xinlang";
			};
			name = Release;
		};
/* End XCBuildConfiguration section */

/* Begin XCConfigurationList section */
		03A92B001BD75DDD00ECACE2 /* Build configuration list for PBXProject "xinlang" */ = {
			isa = XCConfigurationList;
			buildConfigurations = (
				03A92B261BD75DDD00ECACE2 /* Debug */,
				03A92B271BD75DDD00ECACE2 /* Release */,
			);
			defaultConfigurationIsVisible = 0;
			defaultConfigurationName = Release;
		};
		03A92B281BD75DDD00ECACE2 /* Build configuration list for PBXNativeTarget "xinlang" */ = {
			isa = XCConfigurationList;
			buildConfigurations = (
				03A92B291BD75DDD00ECACE2 /* Debug */,
				03A92B2A1BD75DDD00ECACE2 /* Release */,
			);
			defaultConfigurationIsVisible = 0;
			defaultConfigurationName = Release;
		};
		03A92B2B1BD75DDD00ECACE2 /* Build configuration list for PBXNativeTarget "xinlangTests" */ = {
			isa = XCConfigurationList;
			buildConfigurations = (
				03A92B2C1BD75DDD00ECACE2 /* Debug */,
				03A92B2D1BD75DDD00ECACE2 /* Release */,
			);
			defaultConfigurationIsVisible = 0;
			defaultConfigurationName = Release;
		};
/* End XCConfigurationList section */
	};
	rootObject = 03A92AFD1BD75DDD00ECACE2 /* Project object */;
}
